
Microsoft Visual Studio Solution File, Format Version 12.00
# Visual Studio Version 16
VisualStudioVersion = 16.0.29418.71
MinimumVisualStudioVersion = 10.0.40219.1
Project("{FAE04EC0-301F-11D3-BF4B-00C04F79EFBC}") = "RandomNumber", "RandomNumber.csproj", "{D8BDFAB4-E1F8-4CC8-A739-0B791D965EA4}"
EndProject
Global
	GlobalSection(SolutionConfigurationPlatforms) = preSolution
		Debug|Any CPU = Debug|Any CPU
		Release|Any CPU = Release|Any CPU
	EndGlobalSection
	GlobalSection(ProjectConfigurationPlatforms) = postSolution
		{D8BDFAB4-E1F8-4CC8-A739-0B791D965EA4}.Debug|Any CPU.ActiveCfg = Debug|Any CPU
		{D8BDFAB4-E1F8-4CC8-A739-0B791D965EA4}.Debug|Any CPU.Build.0 = Debug|Any CPU
		{D8BDFAB4-E1F8-4CC8-A739-0B791D965EA4}.Release|Any CPU.ActiveCfg = Release|Any CPU
		{D8BDFAB4-E1F8-4CC8-A739-0B791D965EA4}.Release|Any CPU.Build.0 = Release|Any CPU
	EndGlobalSection
	GlobalSection(SolutionProperties) = preSolution
		HideSolutionNode = FALSE
	EndGlobalSection
	GlobalSection(ExtensibilityGlobals) = postSolution
		SolutionGuid = {BF248FBB-5078-424F-94D8-19C983B2E731}
	EndGlobalSection
EndGlobal
